
Microsoft Visual Studio Solution File, Format Version 12.00
# Visual Studio Version 17
VisualStudioVersion = 17.0.31912.275
MinimumVisualStudioVersion = 10.0.40219.1
Project("{9A19103F-16F7-4668-BE54-9A1E7A4F7556}") = "DevToPostsScheduler.Func", "DevToPostsScheduler.Func\DevToPostsScheduler.Func.csproj", "{FE67AB19-09BE-4B87-8B80-17565393C823}"
EndProject
Project("{FAE04EC0-301F-11D3-BF4B-00C04F79EFBC}") = "DevToPostsScheduler.Models", "DevToPostsScheduler.Models\DevToPostsScheduler.Models.csproj", "{0FFB21DF-B7D5-4E25-A881-D4BF704FCE41}"
EndProject
Project("{FAE04EC0-301F-11D3-BF4B-00C04F79EFBC}") = "DevToPostsScheduler.Data", "DevToPostsScheduler.Data\DevToPostsScheduler.Data.csproj", "{B5B9383E-E596-4F15-8802-FFC47FDCFFA1}"
EndProject
Global
	GlobalSection(SolutionConfigurationPlatforms) = preSolution
		Debug|Any CPU = Debug|Any CPU
		Release|Any CPU = Release|Any CPU
	EndGlobalSection
	GlobalSection(ProjectConfigurationPlatforms) = postSolution
		{FE67AB19-09BE-4B87-8B80-17565393C823}.Debug|Any CPU.ActiveCfg = Debug|Any CPU
		{FE67AB19-09BE-4B87-8B80-17565393C823}.Debug|Any CPU.Build.0 = Debug|Any CPU
		{FE67AB19-09BE-4B87-8B80-17565393C823}.Release|Any CPU.ActiveCfg = Release|Any CPU
		{FE67AB19-09BE-4B87-8B80-17565393C823}.Release|Any CPU.Build.0 = Release|Any CPU
		{0FFB21DF-B7D5-4E25-A881-D4BF704FCE41}.Debug|Any CPU.ActiveCfg = Debug|Any CPU
		{0FFB21DF-B7D5-4E25-A881-D4BF704FCE41}.Debug|Any CPU.Build.0 = Debug|Any CPU
		{0FFB21DF-B7D5-4E25-A881-D4BF704FCE41}.Release|Any CPU.ActiveCfg = Release|Any CPU
		{0FFB21DF-B7D5-4E25-A881-D4BF704FCE41}.Release|Any CPU.Build.0 = Release|Any CPU
		{B5B9383E-E596-4F15-8802-FFC47FDCFFA1}.Debug|Any CPU.ActiveCfg = Debug|Any CPU
		{B5B9383E-E596-4F15-8802-FFC47FDCFFA1}.Debug|Any CPU.Build.0 = Debug|Any CPU
		{B5B9383E-E596-4F15-8802-FFC47FDCFFA1}.Release|Any CPU.ActiveCfg = Release|Any CPU
		{B5B9383E-E596-4F15-8802-FFC47FDCFFA1}.Release|Any CPU.Build.0 = Release|Any CPU
	EndGlobalSection
	GlobalSection(SolutionProperties) = preSolution
		HideSolutionNode = FALSE
	EndGlobalSection
	GlobalSection(ExtensibilityGlobals) = postSolution
		SolutionGuid = {1910BB2C-F6BE-452B-B6A0-9712683FAEA2}
	EndGlobalSection
EndGlobal
