
Microsoft Visual Studio Solution File, Format Version 12.00
# Visual Studio Version 16
VisualStudioVersion = 16.0.29509.3
MinimumVisualStudioVersion = 10.0.40219.1
Project("{9A19103F-16F7-4668-BE54-9A1E7A4F7556}") = "DevToPostsScheduler.Func", "DevToPostsScheduler.Func\DevToPostsScheduler.Func.csproj", "{F5ED9CBB-2431-44E1-8C31-82C897C63A94}"
EndProject
Project("{9A19103F-16F7-4668-BE54-9A1E7A4F7556}") = "DevToPostsScheduler.SchedulerRunner", "DevToPostsScheduler.SchedulerRunner\DevToPostsScheduler.SchedulerRunner.csproj", "{3AD92FA9-08ED-477A-BE3E-857E419F6D79}"
EndProject
Project("{FAE04EC0-301F-11D3-BF4B-00C04F79EFBC}") = "DevToPostsScheduler.Models", "DevToPostsScheduler.Models\DevToPostsScheduler.Models.csproj", "{ED561F46-0591-4A83-B95D-3564E8EAD9FD}"
EndProject
Project("{FAE04EC0-301F-11D3-BF4B-00C04F79EFBC}") = "DevToPostsScheduler.Data", "DevToPostsScheduler.Data\DevToPostsScheduler.Data.csproj", "{D52FF62F-7873-4A8E-9495-175EF955DC8B}"
EndProject
Global
	GlobalSection(SolutionConfigurationPlatforms) = preSolution
		Debug|Any CPU = Debug|Any CPU
		Release|Any CPU = Release|Any CPU
	EndGlobalSection
	GlobalSection(ProjectConfigurationPlatforms) = postSolution
		{F5ED9CBB-2431-44E1-8C31-82C897C63A94}.Debug|Any CPU.ActiveCfg = Debug|Any CPU
		{F5ED9CBB-2431-44E1-8C31-82C897C63A94}.Debug|Any CPU.Build.0 = Debug|Any CPU
		{F5ED9CBB-2431-44E1-8C31-82C897C63A94}.Release|Any CPU.ActiveCfg = Release|Any CPU
		{F5ED9CBB-2431-44E1-8C31-82C897C63A94}.Release|Any CPU.Build.0 = Release|Any CPU
		{3AD92FA9-08ED-477A-BE3E-857E419F6D79}.Debug|Any CPU.ActiveCfg = Debug|Any CPU
		{3AD92FA9-08ED-477A-BE3E-857E419F6D79}.Debug|Any CPU.Build.0 = Debug|Any CPU
		{3AD92FA9-08ED-477A-BE3E-857E419F6D79}.Release|Any CPU.ActiveCfg = Release|Any CPU
		{3AD92FA9-08ED-477A-BE3E-857E419F6D79}.Release|Any CPU.Build.0 = Release|Any CPU
		{ED561F46-0591-4A83-B95D-3564E8EAD9FD}.Debug|Any CPU.ActiveCfg = Debug|Any CPU
		{ED561F46-0591-4A83-B95D-3564E8EAD9FD}.Debug|Any CPU.Build.0 = Debug|Any CPU
		{ED561F46-0591-4A83-B95D-3564E8EAD9FD}.Release|Any CPU.ActiveCfg = Release|Any CPU
		{ED561F46-0591-4A83-B95D-3564E8EAD9FD}.Release|Any CPU.Build.0 = Release|Any CPU
		{D52FF62F-7873-4A8E-9495-175EF955DC8B}.Debug|Any CPU.ActiveCfg = Debug|Any CPU
		{D52FF62F-7873-4A8E-9495-175EF955DC8B}.Debug|Any CPU.Build.0 = Debug|Any CPU
		{D52FF62F-7873-4A8E-9495-175EF955DC8B}.Release|Any CPU.ActiveCfg = Release|Any CPU
		{D52FF62F-7873-4A8E-9495-175EF955DC8B}.Release|Any CPU.Build.0 = Release|Any CPU
	EndGlobalSection
	GlobalSection(SolutionProperties) = preSolution
		HideSolutionNode = FALSE
	EndGlobalSection
	GlobalSection(ExtensibilityGlobals) = postSolution
		SolutionGuid = {8F568FE5-34CF-4FCB-BD5E-04AD43B13667}
	EndGlobalSection
EndGlobal
